{
  "object": {
    "pins": [
      {
        "package": "AppAuth",
        "repositoryURL": "https://github.com/openid/AppAuth-iOS.git",
        "state": {
          "branch": null,
          "revision": "2781038865a80e2c425a1da12cc1327bcd56501f",
          "version": "1.7.6"
        }
      },
      {
        "package": "GoogleUtilities",
        "repositoryURL": "https://github.com/google/GoogleUtilities.git",
        "state": {
          "branch": null,
          "revision": "57a1d307f42df690fdef2637f3e5b776da02aad6",
          "version": "7.13.3"
        }
      },
      {
        "package": "GTMSessionFetcher",
        "repositoryURL": "https://github.com/google/gtm-session-fetcher.git",
        "state": {
          "branch": null,
          "revision": "4e9bbf2808b8fee444e84a48f5f3c12641987d3e",
          "version": "1.7.2"
        }
      },
      {
        "package": "GTMAppAuth",
        "repositoryURL": "https://github.com/google/GTMAppAuth.git",
        "state": {
          "branch": null,
          "revision": "6dee0cde8a1b223737a5159e55e6b4ec16bbbdd9",
          "version": "1.3.1"
        }
      },
      {
        "package": "OCMock",
        "repositoryURL": "https://github.com/firebase/ocmock.git",
        "state": {
          "branch": null,
          "revision": "7291762d3551c5c7e31c49cce40a0e391a52e889",
          "version": null
        }
      },
      {
        "package": "Promises",
        "repositoryURL": "https://github.com/google/promises.git",
        "state": {
          "branch": null,
          "revision": "540318ecedd63d883069ae7f1ed811a2df00b6ac",
          "version": "2.4.0"
        }
      }
    ]
  },
  "version": 1
}
